
Microsoft Visual Studio Solution File, Format Version 12.00
# Visual Studio Version 17
VisualStudioVersion = 17.8.34525.116
MinimumVisualStudioVersion = 10.0.40219.1
Project("{FAE04EC0-301F-11D3-BF4B-00C04F79EFBC}") = "AutoShutdown", "AutoShutdown\AutoShutdown.csproj", "{709CF4FA-0622-4F3A-BAC3-4E9262AC516F}"
EndProject
Global
	GlobalSection(SolutionConfigurationPlatforms) = preSolution
		Debug|Any CPU = Debug|Any CPU
		Release|Any CPU = Release|Any CPU
	EndGlobalSection
	GlobalSection(ProjectConfigurationPlatforms) = postSolution
		{709CF4FA-0622-4F3A-BAC3-4E9262AC516F}.Debug|Any CPU.ActiveCfg = Debug|Any CPU
		{709CF4FA-0622-4F3A-BAC3-4E9262AC516F}.Debug|Any CPU.Build.0 = Debug|Any CPU
		{709CF4FA-0622-4F3A-BAC3-4E9262AC516F}.Release|Any CPU.ActiveCfg = Release|Any CPU
		{709CF4FA-0622-4F3A-BAC3-4E9262AC516F}.Release|Any CPU.Build.0 = Release|Any CPU
	EndGlobalSection
	GlobalSection(SolutionProperties) = preSolution
		HideSolutionNode = FALSE
	EndGlobalSection
	GlobalSection(ExtensibilityGlobals) = postSolution
		SolutionGuid = {A1698618-2055-4CD2-9632-F9431492458F}
	EndGlobalSection
EndGlobal
